
Microsoft Visual Studio Solution File, Format Version 12.00
# Visual Studio Version 17
VisualStudioVersion = 17.10.34916.146
MinimumVisualStudioVersion = 10.0.40219.1
Project("{FAE04EC0-301F-11D3-BF4B-00C04F79EFBC}") = "Calculation_UDP_Server", "Calculation_UDP_Server\Calculation_UDP_Server.csproj", "{3F7B78A9-14E1-41B9-9B1C-5A49216CDE98}"
EndProject
Global
	GlobalSection(SolutionConfigurationPlatforms) = preSolution
		Debug|Any CPU = Debug|Any CPU
		Release|Any CPU = Release|Any CPU
	EndGlobalSection
	GlobalSection(ProjectConfigurationPlatforms) = postSolution
		{3F7B78A9-14E1-41B9-9B1C-5A49216CDE98}.Debug|Any CPU.ActiveCfg = Debug|Any CPU
		{3F7B78A9-14E1-41B9-9B1C-5A49216CDE98}.Debug|Any CPU.Build.0 = Debug|Any CPU
		{3F7B78A9-14E1-41B9-9B1C-5A49216CDE98}.Release|Any CPU.ActiveCfg = Release|Any CPU
		{3F7B78A9-14E1-41B9-9B1C-5A49216CDE98}.Release|Any CPU.Build.0 = Release|Any CPU
	EndGlobalSection
	GlobalSection(SolutionProperties) = preSolution
		HideSolutionNode = FALSE
	EndGlobalSection
	GlobalSection(ExtensibilityGlobals) = postSolution
		SolutionGuid = {BE2DAA98-E83B-4BA9-8F28-AEEC0D543C4C}
	EndGlobalSection
EndGlobal
