
Microsoft Visual Studio Solution File, Format Version 12.00
# Visual Studio Version 17
VisualStudioVersion = 17.10.34916.146
MinimumVisualStudioVersion = 10.0.40219.1
Project("{FAE04EC0-301F-11D3-BF4B-00C04F79EFBC}") = "WpfApp3", "WpfApp3\WpfApp3.csproj", "{2988CCE8-13A8-43B8-9DB7-37E81DC82B14}"
EndProject
Project("{54435603-DBB4-11D2-8724-00A0C9A8B90C}") = "WpfApp3_Setup", "WpfApp3_Setup\WpfApp3_Setup.vdproj", "{0F05277D-2206-427E-AA49-91DBD5190A8A}"
EndProject
Global
	GlobalSection(SolutionConfigurationPlatforms) = preSolution
		Debug|Any CPU = Debug|Any CPU
		Release|Any CPU = Release|Any CPU
	EndGlobalSection
	GlobalSection(ProjectConfigurationPlatforms) = postSolution
		{2988CCE8-13A8-43B8-9DB7-37E81DC82B14}.Debug|Any CPU.ActiveCfg = Debug|Any CPU
		{2988CCE8-13A8-43B8-9DB7-37E81DC82B14}.Debug|Any CPU.Build.0 = Debug|Any CPU
		{2988CCE8-13A8-43B8-9DB7-37E81DC82B14}.Release|Any CPU.ActiveCfg = Release|Any CPU
		{2988CCE8-13A8-43B8-9DB7-37E81DC82B14}.Release|Any CPU.Build.0 = Release|Any CPU
		{0F05277D-2206-427E-AA49-91DBD5190A8A}.Debug|Any CPU.ActiveCfg = Debug
		{0F05277D-2206-427E-AA49-91DBD5190A8A}.Release|Any CPU.ActiveCfg = Release
	EndGlobalSection
	GlobalSection(SolutionProperties) = preSolution
		HideSolutionNode = FALSE
	EndGlobalSection
	GlobalSection(ExtensibilityGlobals) = postSolution
		SolutionGuid = {E0CB4818-5884-42AE-8663-5AA1E49C6FDC}
	EndGlobalSection
EndGlobal
