
Microsoft Visual Studio Solution File, Format Version 12.00
# Visual Studio Version 17
VisualStudioVersion = 17.10.34916.146
MinimumVisualStudioVersion = 10.0.40219.1
Project("{9A19103F-16F7-4668-BE54-9A1E7A4F7556}") = "ServerCau1", "Server_NguyenKpaHungVi\ServerCau1.csproj", "{3BA7DBE5-278C-4799-B886-6E175B8234DC}"
EndProject
Project("{FAE04EC0-301F-11D3-BF4B-00C04F79EFBC}") = "ServerCau2", "ServerCau1\ServerCau2.csproj", "{3B61F170-4255-4EDC-95DB-219C264E3119}"
EndProject
Project("{FAE04EC0-301F-11D3-BF4B-00C04F79EFBC}") = "ServerCau3", "ServerCau2\ServerCau3.csproj", "{B3ADD6FA-B3CB-4D4D-B573-E735867EFCA7}"
EndProject
Global
	GlobalSection(SolutionConfigurationPlatforms) = preSolution
		Debug|Any CPU = Debug|Any CPU
		Release|Any CPU = Release|Any CPU
	EndGlobalSection
	GlobalSection(ProjectConfigurationPlatforms) = postSolution
		{3BA7DBE5-278C-4799-B886-6E175B8234DC}.Debug|Any CPU.ActiveCfg = Debug|Any CPU
		{3BA7DBE5-278C-4799-B886-6E175B8234DC}.Debug|Any CPU.Build.0 = Debug|Any CPU
		{3BA7DBE5-278C-4799-B886-6E175B8234DC}.Release|Any CPU.ActiveCfg = Release|Any CPU
		{3BA7DBE5-278C-4799-B886-6E175B8234DC}.Release|Any CPU.Build.0 = Release|Any CPU
		{3B61F170-4255-4EDC-95DB-219C264E3119}.Debug|Any CPU.ActiveCfg = Debug|Any CPU
		{3B61F170-4255-4EDC-95DB-219C264E3119}.Debug|Any CPU.Build.0 = Debug|Any CPU
		{3B61F170-4255-4EDC-95DB-219C264E3119}.Release|Any CPU.ActiveCfg = Release|Any CPU
		{3B61F170-4255-4EDC-95DB-219C264E3119}.Release|Any CPU.Build.0 = Release|Any CPU
		{B3ADD6FA-B3CB-4D4D-B573-E735867EFCA7}.Debug|Any CPU.ActiveCfg = Debug|Any CPU
		{B3ADD6FA-B3CB-4D4D-B573-E735867EFCA7}.Debug|Any CPU.Build.0 = Debug|Any CPU
		{B3ADD6FA-B3CB-4D4D-B573-E735867EFCA7}.Release|Any CPU.ActiveCfg = Release|Any CPU
		{B3ADD6FA-B3CB-4D4D-B573-E735867EFCA7}.Release|Any CPU.Build.0 = Release|Any CPU
	EndGlobalSection
	GlobalSection(SolutionProperties) = preSolution
		HideSolutionNode = FALSE
	EndGlobalSection
	GlobalSection(ExtensibilityGlobals) = postSolution
		SolutionGuid = {3FB76345-97D2-4B84-AAC5-03D3210EFC92}
	EndGlobalSection
EndGlobal
