
Microsoft Visual Studio Solution File, Format Version 12.00
# Visual Studio Version 17
VisualStudioVersion = 17.10.34916.146
MinimumVisualStudioVersion = 10.0.40219.1
Project("{9A19103F-16F7-4668-BE54-9A1E7A4F7556}") = "LTM_Sever", "LTM_Sever.csproj", "{D4715663-334B-4025-AC7F-8906AD9ACFDA}"
EndProject
Global
	GlobalSection(SolutionConfigurationPlatforms) = preSolution
		Debug|Any CPU = Debug|Any CPU
		Release|Any CPU = Release|Any CPU
	EndGlobalSection
	GlobalSection(ProjectConfigurationPlatforms) = postSolution
		{D4715663-334B-4025-AC7F-8906AD9ACFDA}.Debug|Any CPU.ActiveCfg = Debug|Any CPU
		{D4715663-334B-4025-AC7F-8906AD9ACFDA}.Debug|Any CPU.Build.0 = Debug|Any CPU
		{D4715663-334B-4025-AC7F-8906AD9ACFDA}.Release|Any CPU.ActiveCfg = Release|Any CPU
		{D4715663-334B-4025-AC7F-8906AD9ACFDA}.Release|Any CPU.Build.0 = Release|Any CPU
	EndGlobalSection
	GlobalSection(SolutionProperties) = preSolution
		HideSolutionNode = FALSE
	EndGlobalSection
	GlobalSection(ExtensibilityGlobals) = postSolution
		SolutionGuid = {731795FA-1304-4DCB-9E3E-7CEB403E010B}
	EndGlobalSection
EndGlobal
